
Microsoft Visual Studio Solution File, Format Version 12.00
# Visual Studio Version 16
VisualStudioVersion = 16.0.31205.134
MinimumVisualStudioVersion = 10.0.40219.1
Project("{8BC9CEB8-8B4A-11D0-8D11-00A0C91BC942}") = "Corners_3x3", "Corners_3x3\Corners_3x3.vcxproj", "{3A39EEFC-E2AC-4C66-A1CA-13B292A3D0BA}"
EndProject
Global
	GlobalSection(SolutionConfigurationPlatforms) = preSolution
		Debug|x64 = Debug|x64
		Debug|x86 = Debug|x86
		Release|x64 = Release|x64
		Release|x86 = Release|x86
	EndGlobalSection
	GlobalSection(ProjectConfigurationPlatforms) = postSolution
		{3A39EEFC-E2AC-4C66-A1CA-13B292A3D0BA}.Debug|x64.ActiveCfg = Debug|x64
		{3A39EEFC-E2AC-4C66-A1CA-13B292A3D0BA}.Debug|x64.Build.0 = Debug|x64
		{3A39EEFC-E2AC-4C66-A1CA-13B292A3D0BA}.Debug|x86.ActiveCfg = Debug|Win32
		{3A39EEFC-E2AC-4C66-A1CA-13B292A3D0BA}.Debug|x86.Build.0 = Debug|Win32
		{3A39EEFC-E2AC-4C66-A1CA-13B292A3D0BA}.Release|x64.ActiveCfg = Release|x64
		{3A39EEFC-E2AC-4C66-A1CA-13B292A3D0BA}.Release|x64.Build.0 = Release|x64
		{3A39EEFC-E2AC-4C66-A1CA-13B292A3D0BA}.Release|x86.ActiveCfg = Release|Win32
		{3A39EEFC-E2AC-4C66-A1CA-13B292A3D0BA}.Release|x86.Build.0 = Release|Win32
	EndGlobalSection
	GlobalSection(SolutionProperties) = preSolution
		HideSolutionNode = FALSE
	EndGlobalSection
	GlobalSection(ExtensibilityGlobals) = postSolution
		SolutionGuid = {67997A0B-349C-41F2-89F0-501805195B3C}
	EndGlobalSection
EndGlobal
